
Microsoft Visual Studio Solution File, Format Version 12.00
# Visual Studio Version 17
VisualStudioVersion = 17.2.32516.85
MinimumVisualStudioVersion = 10.0.40219.1
Project("{9A19103F-16F7-4668-BE54-9A1E7A4F7556}") = "TypeDSDL", "TypeDSDL\TypeDSDL.csproj", "{51B815F6-27EB-4958-AE22-3831D204466C}"
EndProject
Project("{9A19103F-16F7-4668-BE54-9A1E7A4F7556}") = "TypeDSDLTest", "TypeDSDLTest\TypeDSDLTest.csproj", "{D329D3A8-F63B-4588-98D5-948B272A3C3F}"
EndProject
Global
	GlobalSection(SolutionConfigurationPlatforms) = preSolution
		Debug|Any CPU = Debug|Any CPU
		Release|Any CPU = Release|Any CPU
	EndGlobalSection
	GlobalSection(ProjectConfigurationPlatforms) = postSolution
		{51B815F6-27EB-4958-AE22-3831D204466C}.Debug|Any CPU.ActiveCfg = Debug|Any CPU
		{51B815F6-27EB-4958-AE22-3831D204466C}.Debug|Any CPU.Build.0 = Debug|Any CPU
		{51B815F6-27EB-4958-AE22-3831D204466C}.Release|Any CPU.ActiveCfg = Release|Any CPU
		{51B815F6-27EB-4958-AE22-3831D204466C}.Release|Any CPU.Build.0 = Release|Any CPU
		{D329D3A8-F63B-4588-98D5-948B272A3C3F}.Debug|Any CPU.ActiveCfg = Debug|Any CPU
		{D329D3A8-F63B-4588-98D5-948B272A3C3F}.Debug|Any CPU.Build.0 = Debug|Any CPU
		{D329D3A8-F63B-4588-98D5-948B272A3C3F}.Release|Any CPU.ActiveCfg = Release|Any CPU
		{D329D3A8-F63B-4588-98D5-948B272A3C3F}.Release|Any CPU.Build.0 = Release|Any CPU
	EndGlobalSection
	GlobalSection(SolutionProperties) = preSolution
		HideSolutionNode = FALSE
	EndGlobalSection
	GlobalSection(ExtensibilityGlobals) = postSolution
		SolutionGuid = {DF272A20-C9F3-457C-B777-E11F53FEDBF6}
	EndGlobalSection
EndGlobal
